{
  "name": "Listing_3-43",
  "version": "1.0.0",
  "lockfileVersion": 1,
  "requires": true,
  "dependencies": {
    "mixwith": {
      "version": "0.1.1",
      "resolved": "https://registry.npmjs.org/mixwith/-/mixwith-0.1.1.tgz",
      "integrity": "sha1-yJlZGMW2H7/amtN3qFfNR3UFQcA="
    }
  }
}
